
Microsoft Visual Studio Solution File, Format Version 12.00
# Visual Studio 15
Project("{FAE04EC0-301F-11D3-BF4B-00C04F79EFBC}") = "carnival-demo", "carnival-demo.csproj", "{4EBE7586-6D0F-4238-A367-8F4504F9653C}"
EndProject
Global
	GlobalSection(SolutionConfigurationPlatforms) = preSolution
		Debug|Any CPU = Debug|Any CPU
		Release|Any CPU = Release|Any CPU
	EndGlobalSection
	GlobalSection(ProjectConfigurationPlatforms) = postSolution
		{4EBE7586-6D0F-4238-A367-8F4504F9653C}.Debug|Any CPU.ActiveCfg = Debug|Any CPU
		{4EBE7586-6D0F-4238-A367-8F4504F9653C}.Debug|Any CPU.Build.0 = Debug|Any CPU
		{4EBE7586-6D0F-4238-A367-8F4504F9653C}.Release|Any CPU.ActiveCfg = Release|Any CPU
		{4EBE7586-6D0F-4238-A367-8F4504F9653C}.Release|Any CPU.Build.0 = Release|Any CPU
	EndGlobalSection
EndGlobal
